
Microsoft Visual Studio Solution File, Format Version 12.00
# Visual Studio Version 17
VisualStudioVersion = 17.2.32602.215
MinimumVisualStudioVersion = 10.0.40219.1
Project("{9A19103F-16F7-4668-BE54-9A1E7A4F7556}") = "AncientNumerals", "AncientNumerals\AncientNumerals.csproj", "{545CC3C3-E2D6-41CA-B43B-E4F59C697C23}"
EndProject
Project("{9A19103F-16F7-4668-BE54-9A1E7A4F7556}") = "AncientNumerals.Tests", "AncientNumerals.Tests\AncientNumerals.Tests.csproj", "{0419593E-C083-4A99-98F5-B0B6F0898005}"
EndProject
Project("{2150E333-8FDC-42A3-9474-1A3956D46DE8}") = "Solution Items", "Solution Items", "{95B9DDA6-98E7-476A-9EDD-1A9FBF01E7A5}"
	ProjectSection(SolutionItems) = preProject
		..\README.md = ..\README.md
	EndProjectSection
EndProject
Global
	GlobalSection(SolutionConfigurationPlatforms) = preSolution
		Debug|Any CPU = Debug|Any CPU
		Release|Any CPU = Release|Any CPU
	EndGlobalSection
	GlobalSection(ProjectConfigurationPlatforms) = postSolution
		{545CC3C3-E2D6-41CA-B43B-E4F59C697C23}.Debug|Any CPU.ActiveCfg = Debug|Any CPU
		{545CC3C3-E2D6-41CA-B43B-E4F59C697C23}.Debug|Any CPU.Build.0 = Debug|Any CPU
		{545CC3C3-E2D6-41CA-B43B-E4F59C697C23}.Release|Any CPU.ActiveCfg = Release|Any CPU
		{545CC3C3-E2D6-41CA-B43B-E4F59C697C23}.Release|Any CPU.Build.0 = Release|Any CPU
		{0419593E-C083-4A99-98F5-B0B6F0898005}.Debug|Any CPU.ActiveCfg = Debug|Any CPU
		{0419593E-C083-4A99-98F5-B0B6F0898005}.Debug|Any CPU.Build.0 = Debug|Any CPU
		{0419593E-C083-4A99-98F5-B0B6F0898005}.Release|Any CPU.ActiveCfg = Release|Any CPU
		{0419593E-C083-4A99-98F5-B0B6F0898005}.Release|Any CPU.Build.0 = Release|Any CPU
	EndGlobalSection
	GlobalSection(SolutionProperties) = preSolution
		HideSolutionNode = FALSE
	EndGlobalSection
	GlobalSection(ExtensibilityGlobals) = postSolution
		SolutionGuid = {84172BC8-720C-475F-A8E5-DF186C5A96B4}
	EndGlobalSection
EndGlobal
